
Microsoft Visual Studio Solution File, Format Version 12.00
# Visual Studio Version 17
VisualStudioVersion = 17.8.34330.188
MinimumVisualStudioVersion = 10.0.40219.1
Project("{FAE04EC0-301F-11D3-BF4B-00C04F79EFBC}") = "FLiNG Trainer", "FLiNG Trainer\FLiNG Trainer.csproj", "{C2E3300A-CE00-4678-B20B-A4AD692A5AFF}"
EndProject
Global
	GlobalSection(SolutionConfigurationPlatforms) = preSolution
		Debug|Any CPU = Debug|Any CPU
		Release|Any CPU = Release|Any CPU
	EndGlobalSection
	GlobalSection(ProjectConfigurationPlatforms) = postSolution
		{C2E3300A-CE00-4678-B20B-A4AD692A5AFF}.Debug|Any CPU.ActiveCfg = Debug|Any CPU
		{C2E3300A-CE00-4678-B20B-A4AD692A5AFF}.Debug|Any CPU.Build.0 = Debug|Any CPU
		{C2E3300A-CE00-4678-B20B-A4AD692A5AFF}.Release|Any CPU.ActiveCfg = Release|Any CPU
		{C2E3300A-CE00-4678-B20B-A4AD692A5AFF}.Release|Any CPU.Build.0 = Release|Any CPU
	EndGlobalSection
	GlobalSection(SolutionProperties) = preSolution
		HideSolutionNode = FALSE
	EndGlobalSection
	GlobalSection(ExtensibilityGlobals) = postSolution
		SolutionGuid = {5946DD98-6BC9-4973-B4D0-F0C65F0E5FA8}
	EndGlobalSection
EndGlobal
